// !$*UTF8*$!
{
	archiveVersion = 1;
	classes = {
	};
	objectVersion = 50;
	objects = {

/* Begin PBXBuildFile section */
		EE93D1AB27987642008A81D9 /* AppDelegate.swift in Sources */ = {isa = PBXBuildFile; fileRef = EE93D1AA27987642008A81D9 /* AppDelegate.swift */; };
		EE93D1AD27987642008A81D9 /* SceneDelegate.swift in Sources */ = {isa = PBXBuildFile; fileRef = EE93D1AC27987642008A81D9 /* SceneDelegate.swift */; };
		EE93D1AF27987642008A81D9 /* ViewController.swift in Sources */ = {isa = PBXBuildFile; fileRef = EE93D1AE27987642008A81D9 /* ViewController.swift */; };
		EE93D1B227987642008A81D9 /* Main.storyboard in Resources */ = {isa = PBXBuildFile; fileRef = EE93D1B027987642008A81D9 /* Main.storyboard */; };
		EE93D1B527987642008A81D9 /* SimpleCollectionView.xcdatamodeld in Sources */ = {isa = PBXBuildFile; fileRef = EE93D1B327987642008A81D9 /* SimpleCollectionView.xcdatamodeld */; };
		EE93D1B727987643008A81D9 /* Assets.xcassets in Resources */ = {isa = PBXBuildFile; fileRef = EE93D1B627987643008A81D9 /* Assets.xcassets */; };
		EE93D1BA27987643008A81D9 /* LaunchScreen.storyboard in Resources */ = {isa = PBXBuildFile; fileRef = EE93D1B827987643008A81D9 /* LaunchScreen.storyboard */; };
		EE93D1C527987643008A81D9 /* SimpleCollectionViewTests.swift in Sources */ = {isa = PBXBuildFile; fileRef = EE93D1C427987643008A81D9 /* SimpleCollectionViewTests.swift */; };
		EE93D1D027987643008A81D9 /* SimpleCollectionViewUITests.swift in Sources */ = {isa = PBXBuildFile; fileRef = EE93D1CF27987643008A81D9 /* SimpleCollectionViewUITests.swift */; };
		EE93D1DE279876E5008A81D9 /* NumberCollectionViewCell.swift in Sources */ = {isa = PBXBuildFile; fileRef = EE93D1DD279876E5008A81D9 /* NumberCollectionViewCell.swift */; };
		EE93D1E027987C1F008A81D9 /* ViewController+CollectionViewDelegateMethods.swift in Sources */ = {isa = PBXBuildFile; fileRef = EE93D1DF27987C1F008A81D9 /* ViewController+CollectionViewDelegateMethods.swift */; };
/* End PBXBuildFile section */

/* Begin PBXContainerItemProxy section */
		EE93D1C127987643008A81D9 /* PBXContainerItemProxy */ = {
			isa = PBXContainerItemProxy;
			containerPortal = EE93D19F27987642008A81D9 /* Project object */;
			proxyType = 1;
			remoteGlobalIDString = EE93D1A627987642008A81D9;
			remoteInfo = SimpleCollectionView;
		};
		EE93D1CC27987643008A81D9 /* PBXContainerItemProxy */ = {
			isa = PBXContainerItemProxy;
			containerPortal = EE93D19F27987642008A81D9 /* Project object */;
			proxyType = 1;
			remoteGlobalIDString = EE93D1A627987642008A81D9;
			remoteInfo = SimpleCollectionView;
		};
/* End PBXContainerItemProxy section */

/* Begin PBXFileReference section */
		EE93D1A727987642008A81D9 /* SimpleCollectionView.app */ = {isa = PBXFileReference; explicitFileType = wrapper.application; includeInIndex = 0; path = SimpleCollectionView.app; sourceTree = BUILT_PRODUCTS_DIR; };
		EE93D1AA27987642008A81D9 /* AppDelegate.swift */ = {isa = PBXFileReference; lastKnownFileType = sourcecode.swift; path = AppDelegate.swift; sourceTree = "<group>"; };
		EE93D1AC27987642008A81D9 /* SceneDelegate.swift */ = {isa = PBXFileReference; lastKnownFileType = sourcecode.swift; path = SceneDelegate.swift; sourceTree = "<group>"; };
		EE93D1AE27987642008A81D9 /* ViewController.swift */ = {isa = PBXFileReference; lastKnownFileType = sourcecode.swift; path = ViewController.swift; sourceTree = "<group>"; };
		EE93D1B127987642008A81D9 /* Base */ = {isa = PBXFileReference; lastKnownFileType = file.storyboard; name = Base; path = Base.lproj/Main.storyboard; sourceTree = "<group>"; };
		EE93D1B427987642008A81D9 /* SimpleCollectionView.xcdatamodel */ = {isa = PBXFileReference; lastKnownFileType = wrapper.xcdatamodel; path = SimpleCollectionView.xcdatamodel; sourceTree = "<group>"; };
		EE93D1B627987643008A81D9 /* Assets.xcassets */ = {isa = PBXFileReference; lastKnownFileType = folder.assetcatalog; path = Assets.xcassets; sourceTree = "<group>"; };
		EE93D1B927987643008A81D9 /* Base */ = {isa = PBXFileReference; lastKnownFileType = file.storyboard; name = Base; path = Base.lproj/LaunchScreen.storyboard; sourceTree = "<group>"; };
		EE93D1BB27987643008A81D9 /* Info.plist */ = {isa = PBXFileReference; lastKnownFileType = text.plist.xml; path = Info.plist; sourceTree = "<group>"; };
		EE93D1C027987643008A81D9 /* SimpleCollectionViewTests.xctest */ = {isa = PBXFileReference; explicitFileType = wrapper.cfbundle; includeInIndex = 0; path = SimpleCollectionViewTests.xctest; sourceTree = BUILT_PRODUCTS_DIR; };
		EE93D1C427987643008A81D9 /* SimpleCollectionViewTests.swift */ = {isa = PBXFileReference; lastKnownFileType = sourcecode.swift; path = SimpleCollectionViewTests.swift; sourceTree = "<group>"; };
		EE93D1C627987643008A81D9 /* Info.plist */ = {isa = PBXFileReference; lastKnownFileType = text.plist.xml; path = Info.plist; sourceTree = "<group>"; };
		EE93D1CB27987643008A81D9 /* SimpleCollectionViewUITests.xctest */ = {isa = PBXFileReference; explicitFileType = wrapper.cfbundle; includeInIndex = 0; path = SimpleCollectionViewUITests.xctest; sourceTree = BUILT_PRODUCTS_DIR; };
		EE93D1CF27987643008A81D9 /* SimpleCollectionViewUITests.swift */ = {isa = PBXFileReference; lastKnownFileType = sourcecode.swift; path = SimpleCollectionViewUITests.swift; sourceTree = "<group>"; };
		EE93D1D127987643008A81D9 /* Info.plist */ = {isa = PBXFileReference; lastKnownFileType = text.plist.xml; path = Info.plist; sourceTree = "<group>"; };
		EE93D1DD279876E5008A81D9 /* NumberCollectionViewCell.swift */ = {isa = PBXFileReference; lastKnownFileType = sourcecode.swift; path = NumberCollectionViewCell.swift; sourceTree = "<group>"; };
		EE93D1DF27987C1F008A81D9 /* ViewController+CollectionViewDelegateMethods.swift */ = {isa = PBXFileReference; lastKnownFileType = sourcecode.swift; path = "ViewController+CollectionViewDelegateMethods.swift"; sourceTree = "<group>"; };
/* End PBXFileReference section */

/* Begin PBXFrameworksBuildPhase section */
		EE93D1A427987642008A81D9 /* Frameworks */ = {
			isa = PBXFrameworksBuildPhase;
			buildActionMask = 2147483647;
			files = (
			);
			runOnlyForDeploymentPostprocessing = 0;
		};
		EE93D1BD27987643008A81D9 /* Frameworks */ = {
			isa = PBXFrameworksBuildPhase;
			buildActionMask = 2147483647;
			files = (
			);
			runOnlyForDeploymentPostprocessing = 0;
		};
		EE93D1C827987643008A81D9 /* Frameworks */ = {
			isa = PBXFrameworksBuildPhase;
			buildActionMask = 2147483647;
			files = (
			);
			runOnlyForDeploymentPostprocessing = 0;
		};
/* End PBXFrameworksBuildPhase section */

/* Begin PBXGroup section */
		EE93D19E27987642008A81D9 = {
			isa = PBXGroup;
			children = (
				EE93D1A927987642008A81D9 /* SimpleCollectionView */,
				EE93D1C327987643008A81D9 /* SimpleCollectionViewTests */,
				EE93D1CE27987643008A81D9 /* SimpleCollectionViewUITests */,
				EE93D1A827987642008A81D9 /* Products */,
			);
			sourceTree = "<group>";
		};
		EE93D1A827987642008A81D9 /* Products */ = {
			isa = PBXGroup;
			children = (
				EE93D1A727987642008A81D9 /* SimpleCollectionView.app */,
				EE93D1C027987643008A81D9 /* SimpleCollectionViewTests.xctest */,
				EE93D1CB27987643008A81D9 /* SimpleCollectionViewUITests.xctest */,
			);
			name = Products;
			sourceTree = "<group>";
		};
		EE93D1A927987642008A81D9 /* SimpleCollectionView */ = {
			isa = PBXGroup;
			children = (
				EE93D1AA27987642008A81D9 /* AppDelegate.swift */,
				EE93D1AC27987642008A81D9 /* SceneDelegate.swift */,
				EE93D1E127987CDA008A81D9 /* HomePage */,
				EE93D1B027987642008A81D9 /* Main.storyboard */,
				EE93D1B627987643008A81D9 /* Assets.xcassets */,
				EE93D1B827987643008A81D9 /* LaunchScreen.storyboard */,
				EE93D1BB27987643008A81D9 /* Info.plist */,
				EE93D1B327987642008A81D9 /* SimpleCollectionView.xcdatamodeld */,
			);
			path = SimpleCollectionView;
			sourceTree = "<group>";
		};
		EE93D1C327987643008A81D9 /* SimpleCollectionViewTests */ = {
			isa = PBXGroup;
			children = (
				EE93D1C427987643008A81D9 /* SimpleCollectionViewTests.swift */,
				EE93D1C627987643008A81D9 /* Info.plist */,
			);
			path = SimpleCollectionViewTests;
			sourceTree = "<group>";
		};
		EE93D1CE27987643008A81D9 /* SimpleCollectionViewUITests */ = {
			isa = PBXGroup;
			children = (
				EE93D1CF27987643008A81D9 /* SimpleCollectionViewUITests.swift */,
				EE93D1D127987643008A81D9 /* Info.plist */,
			);
			path = SimpleCollectionViewUITests;
			sourceTree = "<group>";
		};
		EE93D1E127987CDA008A81D9 /* HomePage */ = {
			isa = PBXGroup;
			children = (
				EE93D1E427987D10008A81D9 /* Cell */,
				EE93D1E327987CFC008A81D9 /* ViewModel */,
				EE93D1E227987CE1008A81D9 /* ViewController */,
			);
			path = HomePage;
			sourceTree = "<group>";
		};
		EE93D1E227987CE1008A81D9 /* ViewController */ = {
			isa = PBXGroup;
			children = (
				EE93D1AE27987642008A81D9 /* ViewController.swift */,
				EE93D1DF27987C1F008A81D9 /* ViewController+CollectionViewDelegateMethods.swift */,
			);
			path = ViewController;
			sourceTree = "<group>";
		};
		EE93D1E327987CFC008A81D9 /* ViewModel */ = {
			isa = PBXGroup;
			children = (
			);
			path = ViewModel;
			sourceTree = "<group>";
		};
		EE93D1E427987D10008A81D9 /* Cell */ = {
			isa = PBXGroup;
			children = (
				EE93D1DD279876E5008A81D9 /* NumberCollectionViewCell.swift */,
			);
			path = Cell;
			sourceTree = "<group>";
		};
/* End PBXGroup section */

/* Begin PBXNativeTarget section */
		EE93D1A627987642008A81D9 /* SimpleCollectionView */ = {
			isa = PBXNativeTarget;
			buildConfigurationList = EE93D1D427987643008A81D9 /* Build configuration list for PBXNativeTarget "SimpleCollectionView" */;
			buildPhases = (
				EE93D1A327987642008A81D9 /* Sources */,
				EE93D1A427987642008A81D9 /* Frameworks */,
				EE93D1A527987642008A81D9 /* Resources */,
			);
			buildRules = (
			);
			dependencies = (
			);
			name = SimpleCollectionView;
			productName = SimpleCollectionView;
			productReference = EE93D1A727987642008A81D9 /* SimpleCollectionView.app */;
			productType = "com.apple.product-type.application";
		};
		EE93D1BF27987643008A81D9 /* SimpleCollectionViewTests */ = {
			isa = PBXNativeTarget;
			buildConfigurationList = EE93D1D727987643008A81D9 /* Build configuration list for PBXNativeTarget "SimpleCollectionViewTests" */;
			buildPhases = (
				EE93D1BC27987643008A81D9 /* Sources */,
				EE93D1BD27987643008A81D9 /* Frameworks */,
				EE93D1BE27987643008A81D9 /* Resources */,
			);
			buildRules = (
			);
			dependencies = (
				EE93D1C227987643008A81D9 /* PBXTargetDependency */,
			);
			name = SimpleCollectionViewTests;
			productName = SimpleCollectionViewTests;
			productReference = EE93D1C027987643008A81D9 /* SimpleCollectionViewTests.xctest */;
			productType = "com.apple.product-type.bundle.unit-test";
		};
		EE93D1CA27987643008A81D9 /* SimpleCollectionViewUITests */ = {
			isa = PBXNativeTarget;
			buildConfigurationList = EE93D1DA27987643008A81D9 /* Build configuration list for PBXNativeTarget "SimpleCollectionViewUITests" */;
			buildPhases = (
				EE93D1C727987643008A81D9 /* Sources */,
				EE93D1C827987643008A81D9 /* Frameworks */,
				EE93D1C927987643008A81D9 /* Resources */,
			);
			buildRules = (
			);
			dependencies = (
				EE93D1CD27987643008A81D9 /* PBXTargetDependency */,
			);
			name = SimpleCollectionViewUITests;
			productName = SimpleCollectionViewUITests;
			productReference = EE93D1CB27987643008A81D9 /* SimpleCollectionViewUITests.xctest */;
			productType = "com.apple.product-type.bundle.ui-testing";
		};
/* End PBXNativeTarget section */

/* Begin PBXProject section */
		EE93D19F27987642008A81D9 /* Project object */ = {
			isa = PBXProject;
			attributes = {
				LastSwiftUpdateCheck = 1250;
				LastUpgradeCheck = 1250;
				TargetAttributes = {
					EE93D1A627987642008A81D9 = {
						CreatedOnToolsVersion = 12.5;
					};
					EE93D1BF27987643008A81D9 = {
						CreatedOnToolsVersion = 12.5;
						TestTargetID = EE93D1A627987642008A81D9;
					};
					EE93D1CA27987643008A81D9 = {
						CreatedOnToolsVersion = 12.5;
						TestTargetID = EE93D1A627987642008A81D9;
					};
				};
			};
			buildConfigurationList = EE93D1A227987642008A81D9 /* Build configuration list for PBXProject "SimpleCollectionView" */;
			compatibilityVersion = "Xcode 9.3";
			developmentRegion = en;
			hasScannedForEncodings = 0;
			knownRegions = (
				en,
				Base,
			);
			mainGroup = EE93D19E27987642008A81D9;
			productRefGroup = EE93D1A827987642008A81D9 /* Products */;
			projectDirPath = "";
			projectRoot = "";
			targets = (
				EE93D1A627987642008A81D9 /* SimpleCollectionView */,
				EE93D1BF27987643008A81D9 /* SimpleCollectionViewTests */,
				EE93D1CA27987643008A81D9 /* SimpleCollectionViewUITests */,
			);
		};
/* End PBXProject section */

/* Begin PBXResourcesBuildPhase section */
		EE93D1A527987642008A81D9 /* Resources */ = {
			isa = PBXResourcesBuildPhase;
			buildActionMask = 2147483647;
			files = (
				EE93D1BA27987643008A81D9 /* LaunchScreen.storyboard in Resources */,
				EE93D1B727987643008A81D9 /* Assets.xcassets in Resources */,
				EE93D1B227987642008A81D9 /* Main.storyboard in Resources */,
			);
			runOnlyForDeploymentPostprocessing = 0;
		};
		EE93D1BE27987643008A81D9 /* Resources */ = {
			isa = PBXResourcesBuildPhase;
			buildActionMask = 2147483647;
			files = (
			);
			runOnlyForDeploymentPostprocessing = 0;
		};
		EE93D1C927987643008A81D9 /* Resources */ = {
			isa = PBXResourcesBuildPhase;
			buildActionMask = 2147483647;
			files = (
			);
			runOnlyForDeploymentPostprocessing = 0;
		};
/* End PBXResourcesBuildPhase section */

/* Begin PBXSourcesBuildPhase section */
		EE93D1A327987642008A81D9 /* Sources */ = {
			isa = PBXSourcesBuildPhase;
			buildActionMask = 2147483647;
			files = (
				EE93D1DE279876E5008A81D9 /* NumberCollectionViewCell.swift in Sources */,
				EE93D1E027987C1F008A81D9 /* ViewController+CollectionViewDelegateMethods.swift in Sources */,
				EE93D1AF27987642008A81D9 /* ViewController.swift in Sources */,
				EE93D1AB27987642008A81D9 /* AppDelegate.swift in Sources */,
				EE93D1B527987642008A81D9 /* SimpleCollectionView.xcdatamodeld in Sources */,
				EE93D1AD27987642008A81D9 /* SceneDelegate.swift in Sources */,
			);
			runOnlyForDeploymentPostprocessing = 0;
		};
		EE93D1BC27987643008A81D9 /* Sources */ = {
			isa = PBXSourcesBuildPhase;
			buildActionMask = 2147483647;
			files = (
				EE93D1C527987643008A81D9 /* SimpleCollectionViewTests.swift in Sources */,
			);
			runOnlyForDeploymentPostprocessing = 0;
		};
		EE93D1C727987643008A81D9 /* Sources */ = {
			isa = PBXSourcesBuildPhase;
			buildActionMask = 2147483647;
			files = (
				EE93D1D027987643008A81D9 /* SimpleCollectionViewUITests.swift in Sources */,
			);
			runOnlyForDeploymentPostprocessing = 0;
		};
/* End PBXSourcesBuildPhase section */

/* Begin PBXTargetDependency section */
		EE93D1C227987643008A81D9 /* PBXTargetDependency */ = {
			isa = PBXTargetDependency;
			target = EE93D1A627987642008A81D9 /* SimpleCollectionView */;
			targetProxy = EE93D1C127987643008A81D9 /* PBXContainerItemProxy */;
		};
		EE93D1CD27987643008A81D9 /* PBXTargetDependency */ = {
			isa = PBXTargetDependency;
			target = EE93D1A627987642008A81D9 /* SimpleCollectionView */;
			targetProxy = EE93D1CC27987643008A81D9 /* PBXContainerItemProxy */;
		};
/* End PBXTargetDependency section */

/* Begin PBXVariantGroup section */
		EE93D1B027987642008A81D9 /* Main.storyboard */ = {
			isa = PBXVariantGroup;
			children = (
				EE93D1B127987642008A81D9 /* Base */,
			);
			name = Main.storyboard;
			sourceTree = "<group>";
		};
		EE93D1B827987643008A81D9 /* LaunchScreen.storyboard */ = {
			isa = PBXVariantGroup;
			children = (
				EE93D1B927987643008A81D9 /* Base */,
			);
			name = LaunchScreen.storyboard;
			sourceTree = "<group>";
		};
/* End PBXVariantGroup section */

/* Begin XCBuildConfiguration section */
		EE93D1D227987643008A81D9 /* Debug */ = {
			isa = XCBuildConfiguration;
			buildSettings = {
				ALWAYS_SEARCH_USER_PATHS = NO;
				CLANG_ANALYZER_NONNULL = YES;
				CLANG_ANALYZER_NUMBER_OBJECT_CONVERSION = YES_AGGRESSIVE;
				CLANG_CXX_LANGUAGE_STANDARD = "gnu++14";
				CLANG_CXX_LIBRARY = "libc++";
				CLANG_ENABLE_MODULES = YES;
				CLANG_ENABLE_OBJC_ARC = YES;
				CLANG_ENABLE_OBJC_WEAK = YES;
				CLANG_WARN_BLOCK_CAPTURE_AUTORELEASING = YES;
				CLANG_WARN_BOOL_CONVERSION = YES;
				CLANG_WARN_COMMA = YES;
				CLANG_WARN_CONSTANT_CONVERSION = YES;
				CLANG_WARN_DEPRECATED_OBJC_IMPLEMENTATIONS = YES;
				CLANG_WARN_DIRECT_OBJC_ISA_USAGE = YES_ERROR;
				CLANG_WARN_DOCUMENTATION_COMMENTS = YES;
				CLANG_WARN_EMPTY_BODY = YES;
				CLANG_WARN_ENUM_CONVERSION = YES;
				CLANG_WARN_INFINITE_RECURSION = YES;
				CLANG_WARN_INT_CONVERSION = YES;
				CLANG_WARN_NON_LITERAL_NULL_CONVERSION = YES;
				CLANG_WARN_OBJC_IMPLICIT_RETAIN_SELF = YES;
				CLANG_WARN_OBJC_LITERAL_CONVERSION = YES;
				CLANG_WARN_OBJC_ROOT_CLASS = YES_ERROR;
				CLANG_WARN_QUOTED_INCLUDE_IN_FRAMEWORK_HEADER = YES;
				CLANG_WARN_RANGE_LOOP_ANALYSIS = YES;
				CLANG_WARN_STRICT_PROTOTYPES = YES;
				CLANG_WARN_SUSPICIOUS_MOVE = YES;
				CLANG_WARN_UNGUARDED_AVAILABILITY = YES_AGGRESSIVE;
				CLANG_WARN_UNREACHABLE_CODE = YES;
				CLANG_WARN__DUPLICATE_METHOD_MATCH = YES;
				COPY_PHASE_STRIP = NO;
				DEBUG_INFORMATION_FORMAT = dwarf;
				ENABLE_STRICT_OBJC_MSGSEND = YES;
				ENABLE_TESTABILITY = YES;
				GCC_C_LANGUAGE_STANDARD = gnu11;
				GCC_DYNAMIC_NO_PIC = NO;
				GCC_NO_COMMON_BLOCKS = YES;
				GCC_OPTIMIZATION_LEVEL = 0;
				GCC_PREPROCESSOR_DEFINITIONS = (
					"DEBUG=1",
					"$(inherited)",
				);
				GCC_WARN_64_TO_32_BIT_CONVERSION = YES;
				GCC_WARN_ABOUT_RETURN_TYPE = YES_ERROR;
				GCC_WARN_UNDECLARED_SELECTOR = YES;
				GCC_WARN_UNINITIALIZED_AUTOS = YES_AGGRESSIVE;
				GCC_WARN_UNUSED_FUNCTION = YES;
				GCC_WARN_UNUSED_VARIABLE = YES;
				IPHONEOS_DEPLOYMENT_TARGET = 14.5;
				MTL_ENABLE_DEBUG_INFO = INCLUDE_SOURCE;
				MTL_FAST_MATH = YES;
				ONLY_ACTIVE_ARCH = YES;
				SDKROOT = iphoneos;
				SWIFT_ACTIVE_COMPILATION_CONDITIONS = DEBUG;
				SWIFT_OPTIMIZATION_LEVEL = "-Onone";
			};
			name = Debug;
		};
		EE93D1D327987643008A81D9 /* Release */ = {
			isa = XCBuildConfiguration;
			buildSettings = {
				ALWAYS_SEARCH_USER_PATHS = NO;
				CLANG_ANALYZER_NONNULL = YES;
				CLANG_ANALYZER_NUMBER_OBJECT_CONVERSION = YES_AGGRESSIVE;
				CLANG_CXX_LANGUAGE_STANDARD = "gnu++14";
				CLANG_CXX_LIBRARY = "libc++";
				CLANG_ENABLE_MODULES = YES;
				CLANG_ENABLE_OBJC_ARC = YES;
				CLANG_ENABLE_OBJC_WEAK = YES;
				CLANG_WARN_BLOCK_CAPTURE_AUTORELEASING = YES;
				CLANG_WARN_BOOL_CONVERSION = YES;
				CLANG_WARN_COMMA = YES;
				CLANG_WARN_CONSTANT_CONVERSION = YES;
				CLANG_WARN_DEPRECATED_OBJC_IMPLEMENTATIONS = YES;
				CLANG_WARN_DIRECT_OBJC_ISA_USAGE = YES_ERROR;
				CLANG_WARN_DOCUMENTATION_COMMENTS = YES;
				CLANG_WARN_EMPTY_BODY = YES;
				CLANG_WARN_ENUM_CONVERSION = YES;
				CLANG_WARN_INFINITE_RECURSION = YES;
				CLANG_WARN_INT_CONVERSION = YES;
				CLANG_WARN_NON_LITERAL_NULL_CONVERSION = YES;
				CLANG_WARN_OBJC_IMPLICIT_RETAIN_SELF = YES;
				CLANG_WARN_OBJC_LITERAL_CONVERSION = YES;
				CLANG_WARN_OBJC_ROOT_CLASS = YES_ERROR;
				CLANG_WARN_QUOTED_INCLUDE_IN_FRAMEWORK_HEADER = YES;
				CLANG_WARN_RANGE_LOOP_ANALYSIS = YES;
				CLANG_WARN_STRICT_PROTOTYPES = YES;
				CLANG_WARN_SUSPICIOUS_MOVE = YES;
				CLANG_WARN_UNGUARDED_AVAILABILITY = YES_AGGRESSIVE;
				CLANG_WARN_UNREACHABLE_CODE = YES;
				CLANG_WARN__DUPLICATE_METHOD_MATCH = YES;
				COPY_PHASE_STRIP = NO;
				DEBUG_INFORMATION_FORMAT = "dwarf-with-dsym";
				ENABLE_NS_ASSERTIONS = NO;
				ENABLE_STRICT_OBJC_MSGSEND = YES;
				GCC_C_LANGUAGE_STANDARD = gnu11;
				GCC_NO_COMMON_BLOCKS = YES;
				GCC_WARN_64_TO_32_BIT_CONVERSION = YES;
				GCC_WARN_ABOUT_RETURN_TYPE = YES_ERROR;
				GCC_WARN_UNDECLARED_SELECTOR = YES;
				GCC_WARN_UNINITIALIZED_AUTOS = YES_AGGRESSIVE;
				GCC_WARN_UNUSED_FUNCTION = YES;
				GCC_WARN_UNUSED_VARIABLE = YES;
				IPHONEOS_DEPLOYMENT_TARGET = 14.5;
				MTL_ENABLE_DEBUG_INFO = NO;
				MTL_FAST_MATH = YES;
				SDKROOT = iphoneos;
				SWIFT_COMPILATION_MODE = wholemodule;
				SWIFT_OPTIMIZATION_LEVEL = "-O";
				VALIDATE_PRODUCT = YES;
			};
			name = Release;
		};
		EE93D1D527987643008A81D9 /* Debug */ = {
			isa = XCBuildConfiguration;
			buildSettings = {
				ASSETCATALOG_COMPILER_APPICON_NAME = AppIcon;
				ASSETCATALOG_COMPILER_GLOBAL_ACCENT_COLOR_NAME = AccentColor;
				CODE_SIGN_STYLE = Automatic;
				INFOPLIST_FILE = SimpleCollectionView/Info.plist;
				LD_RUNPATH_SEARCH_PATHS = (
					"$(inherited)",
					"@executable_path/Frameworks",
				);
				PRODUCT_BUNDLE_IDENTIFIER = com.prakash.SimpleCollectionView;
				PRODUCT_NAME = "$(TARGET_NAME)";
				SWIFT_VERSION = 5.0;
				TARGETED_DEVICE_FAMILY = "1,2";
			};
			name = Debug;
		};
		EE93D1D627987643008A81D9 /* Release */ = {
			isa = XCBuildConfiguration;
			buildSettings = {
				ASSETCATALOG_COMPILER_APPICON_NAME = AppIcon;
				ASSETCATALOG_COMPILER_GLOBAL_ACCENT_COLOR_NAME = AccentColor;
				CODE_SIGN_STYLE = Automatic;
				INFOPLIST_FILE = SimpleCollectionView/Info.plist;
				LD_RUNPATH_SEARCH_PATHS = (
					"$(inherited)",
					"@executable_path/Frameworks",
				);
				PRODUCT_BUNDLE_IDENTIFIER = com.prakash.SimpleCollectionView;
				PRODUCT_NAME = "$(TARGET_NAME)";
				SWIFT_VERSION = 5.0;
				TARGETED_DEVICE_FAMILY = "1,2";
			};
			name = Release;
		};
		EE93D1D827987643008A81D9 /* Debug */ = {
			isa = XCBuildConfiguration;
			buildSettings = {
				ALWAYS_EMBED_SWIFT_STANDARD_LIBRARIES = YES;
				BUNDLE_LOADER = "$(TEST_HOST)";
				CODE_SIGN_STYLE = Automatic;
				INFOPLIST_FILE = SimpleCollectionViewTests/Info.plist;
				IPHONEOS_DEPLOYMENT_TARGET = 14.5;
				LD_RUNPATH_SEARCH_PATHS = (
					"$(inherited)",
					"@executable_path/Frameworks",
					"@loader_path/Frameworks",
				);
				PRODUCT_BUNDLE_IDENTIFIER = com.prakash.SimpleCollectionViewTests;
				PRODUCT_NAME = "$(TARGET_NAME)";
				SWIFT_VERSION = 5.0;
				TARGETED_DEVICE_FAMILY = "1,2";
				TEST_HOST = "$(BUILT_PRODUCTS_DIR)/SimpleCollectionView.app/SimpleCollectionView";
			};
			name = Debug;
		};
		EE93D1D927987643008A81D9 /* Release */ = {
			isa = XCBuildConfiguration;
			buildSettings = {
				ALWAYS_EMBED_SWIFT_STANDARD_LIBRARIES = YES;
				BUNDLE_LOADER = "$(TEST_HOST)";
				CODE_SIGN_STYLE = Automatic;
				INFOPLIST_FILE = SimpleCollectionViewTests/Info.plist;
				IPHONEOS_DEPLOYMENT_TARGET = 14.5;
				LD_RUNPATH_SEARCH_PATHS = (
					"$(inherited)",
					"@executable_path/Frameworks",
					"@loader_path/Frameworks",
				);
				PRODUCT_BUNDLE_IDENTIFIER = com.prakash.SimpleCollectionViewTests;
				PRODUCT_NAME = "$(TARGET_NAME)";
				SWIFT_VERSION = 5.0;
				TARGETED_DEVICE_FAMILY = "1,2";
				TEST_HOST = "$(BUILT_PRODUCTS_DIR)/SimpleCollectionView.app/SimpleCollectionView";
			};
			name = Release;
		};
		EE93D1DB27987643008A81D9 /* Debug */ = {
			isa = XCBuildConfiguration;
			buildSettings = {
				ALWAYS_EMBED_SWIFT_STANDARD_LIBRARIES = YES;
				CODE_SIGN_STYLE = Automatic;
				INFOPLIST_FILE = SimpleCollectionViewUITests/Info.plist;
				LD_RUNPATH_SEARCH_PATHS = (
					"$(inherited)",
					"@executable_path/Frameworks",
					"@loader_path/Frameworks",
				);
				PRODUCT_BUNDLE_IDENTIFIER = com.prakash.SimpleCollectionViewUITests;
				PRODUCT_NAME = "$(TARGET_NAME)";
				SWIFT_VERSION = 5.0;
				TARGETED_DEVICE_FAMILY = "1,2";
				TEST_TARGET_NAME = SimpleCollectionView;
			};
			name = Debug;
		};
		EE93D1DC27987643008A81D9 /* Release */ = {
			isa = XCBuildConfiguration;
			buildSettings = {
				ALWAYS_EMBED_SWIFT_STANDARD_LIBRARIES = YES;
				CODE_SIGN_STYLE = Automatic;
				INFOPLIST_FILE = SimpleCollectionViewUITests/Info.plist;
				LD_RUNPATH_SEARCH_PATHS = (
					"$(inherited)",
					"@executable_path/Frameworks",
					"@loader_path/Frameworks",
				);
				PRODUCT_BUNDLE_IDENTIFIER = com.prakash.SimpleCollectionViewUITests;
				PRODUCT_NAME = "$(TARGET_NAME)";
				SWIFT_VERSION = 5.0;
				TARGETED_DEVICE_FAMILY = "1,2";
				TEST_TARGET_NAME = SimpleCollectionView;
			};
			name = Release;
		};
/* End XCBuildConfiguration section */

/* Begin XCConfigurationList section */
		EE93D1A227987642008A81D9 /* Build configuration list for PBXProject "SimpleCollectionView" */ = {
			isa = XCConfigurationList;
			buildConfigurations = (
				EE93D1D227987643008A81D9 /* Debug */,
				EE93D1D327987643008A81D9 /* Release */,
			);
			defaultConfigurationIsVisible = 0;
			defaultConfigurationName = Release;
		};
		EE93D1D427987643008A81D9 /* Build configuration list for PBXNativeTarget "SimpleCollectionView" */ = {
			isa = XCConfigurationList;
			buildConfigurations = (
				EE93D1D527987643008A81D9 /* Debug */,
				EE93D1D627987643008A81D9 /* Release */,
			);
			defaultConfigurationIsVisible = 0;
			defaultConfigurationName = Release;
		};
		EE93D1D727987643008A81D9 /* Build configuration list for PBXNativeTarget "SimpleCollectionViewTests" */ = {
			isa = XCConfigurationList;
			buildConfigurations = (
				EE93D1D827987643008A81D9 /* Debug */,
				EE93D1D927987643008A81D9 /* Release */,
			);
			defaultConfigurationIsVisible = 0;
			defaultConfigurationName = Release;
		};
		EE93D1DA27987643008A81D9 /* Build configuration list for PBXNativeTarget "SimpleCollectionViewUITests" */ = {
			isa = XCConfigurationList;
			buildConfigurations = (
				EE93D1DB27987643008A81D9 /* Debug */,
				EE93D1DC27987643008A81D9 /* Release */,
			);
			defaultConfigurationIsVisible = 0;
			defaultConfigurationName = Release;
		};
/* End XCConfigurationList section */

/* Begin XCVersionGroup section */
		EE93D1B327987642008A81D9 /* SimpleCollectionView.xcdatamodeld */ = {
			isa = XCVersionGroup;
			children = (
				EE93D1B427987642008A81D9 /* SimpleCollectionView.xcdatamodel */,
			);
			currentVersion = EE93D1B427987642008A81D9 /* SimpleCollectionView.xcdatamodel */;
			path = SimpleCollectionView.xcdatamodeld;
			sourceTree = "<group>";
			versionGroupType = wrapper.xcdatamodel;
		};
/* End XCVersionGroup section */
	};
	rootObject = EE93D19F27987642008A81D9 /* Project object */;
}
